
Microsoft Visual Studio Solution File, Format Version 12.00
# Visual Studio 15
VisualStudioVersion = 15.0.27130.2024
MinimumVisualStudioVersion = 10.0.40219.1
Project("{FAE04EC0-301F-11D3-BF4B-00C04F79EFBC}") = "WebShop", "WebShop\WebShop.csproj", "{9121E6E3-A000-4715-8127-30F045025DCF}"
EndProject
Global
	GlobalSection(SolutionConfigurationPlatforms) = preSolution
		Debug|Any CPU = Debug|Any CPU
		Release|Any CPU = Release|Any CPU
	EndGlobalSection
	GlobalSection(ProjectConfigurationPlatforms) = postSolution
		{9121E6E3-A000-4715-8127-30F045025DCF}.Debug|Any CPU.ActiveCfg = Debug|Any CPU
		{9121E6E3-A000-4715-8127-30F045025DCF}.Debug|Any CPU.Build.0 = Debug|Any CPU
		{9121E6E3-A000-4715-8127-30F045025DCF}.Release|Any CPU.ActiveCfg = Release|Any CPU
		{9121E6E3-A000-4715-8127-30F045025DCF}.Release|Any CPU.Build.0 = Release|Any CPU
	EndGlobalSection
	GlobalSection(SolutionProperties) = preSolution
		HideSolutionNode = FALSE
	EndGlobalSection
	GlobalSection(ExtensibilityGlobals) = postSolution
		SolutionGuid = {2FF6BF9A-471F-4132-AA5E-0B78B930E504}
	EndGlobalSection
EndGlobal
